
Microsoft Visual Studio Solution File, Format Version 12.00
# Visual Studio Version 17
VisualStudioVersion = 17.2.32602.215
MinimumVisualStudioVersion = 10.0.40219.1
Project("{FAE04EC0-301F-11D3-BF4B-00C04F79EFBC}") = "ClassMetotDemo", "ClassMetotDemo\ClassMetotDemo.csproj", "{6EC34301-9E6F-4CF3-851F-4387099F7988}"
EndProject
Global
	GlobalSection(SolutionConfigurationPlatforms) = preSolution
		Debug|Any CPU = Debug|Any CPU
		Release|Any CPU = Release|Any CPU
	EndGlobalSection
	GlobalSection(ProjectConfigurationPlatforms) = postSolution
		{6EC34301-9E6F-4CF3-851F-4387099F7988}.Debug|Any CPU.ActiveCfg = Debug|Any CPU
		{6EC34301-9E6F-4CF3-851F-4387099F7988}.Debug|Any CPU.Build.0 = Debug|Any CPU
		{6EC34301-9E6F-4CF3-851F-4387099F7988}.Release|Any CPU.ActiveCfg = Release|Any CPU
		{6EC34301-9E6F-4CF3-851F-4387099F7988}.Release|Any CPU.Build.0 = Release|Any CPU
	EndGlobalSection
	GlobalSection(SolutionProperties) = preSolution
		HideSolutionNode = FALSE
	EndGlobalSection
	GlobalSection(ExtensibilityGlobals) = postSolution
		SolutionGuid = {CEE76592-EEB3-405E-896F-2F1C4B9AC91C}
	EndGlobalSection
EndGlobal
